
Microsoft Visual Studio Solution File, Format Version 12.00
# Visual Studio Version 16
VisualStudioVersion = 16.0.29613.14
MinimumVisualStudioVersion = 10.0.40219.1
Project("{9A19103F-16F7-4668-BE54-9A1E7A4F7556}") = "CodeUin.WebApi", "CodeUin.WebApi\CodeUin.WebApi.csproj", "{A74509AE-87C4-4F7F-A251-9AC2FA53E885}"
EndProject
Project("{9A19103F-16F7-4668-BE54-9A1E7A4F7556}") = "CodeUin.Dapper", "CodeUin.Dapper\CodeUin.Dapper.csproj", "{D7A9A93B-0903-44E0-BD97-802DA5555DE2}"
EndProject
Project("{9A19103F-16F7-4668-BE54-9A1E7A4F7556}") = "CodeUin.Helpers", "CodeUin.Helpers\CodeUin.Helpers.csproj", "{197B2D7E-934D-411A-8CBA-2DC1D0A55DE9}"
EndProject
Global
	GlobalSection(SolutionConfigurationPlatforms) = preSolution
		Debug|Any CPU = Debug|Any CPU
		Release|Any CPU = Release|Any CPU
	EndGlobalSection
	GlobalSection(ProjectConfigurationPlatforms) = postSolution
		{A74509AE-87C4-4F7F-A251-9AC2FA53E885}.Debug|Any CPU.ActiveCfg = Debug|Any CPU
		{A74509AE-87C4-4F7F-A251-9AC2FA53E885}.Debug|Any CPU.Build.0 = Debug|Any CPU
		{A74509AE-87C4-4F7F-A251-9AC2FA53E885}.Release|Any CPU.ActiveCfg = Release|Any CPU
		{A74509AE-87C4-4F7F-A251-9AC2FA53E885}.Release|Any CPU.Build.0 = Release|Any CPU
		{D7A9A93B-0903-44E0-BD97-802DA5555DE2}.Debug|Any CPU.ActiveCfg = Debug|Any CPU
		{D7A9A93B-0903-44E0-BD97-802DA5555DE2}.Debug|Any CPU.Build.0 = Debug|Any CPU
		{D7A9A93B-0903-44E0-BD97-802DA5555DE2}.Release|Any CPU.ActiveCfg = Release|Any CPU
		{D7A9A93B-0903-44E0-BD97-802DA5555DE2}.Release|Any CPU.Build.0 = Release|Any CPU
		{197B2D7E-934D-411A-8CBA-2DC1D0A55DE9}.Debug|Any CPU.ActiveCfg = Debug|Any CPU
		{197B2D7E-934D-411A-8CBA-2DC1D0A55DE9}.Debug|Any CPU.Build.0 = Debug|Any CPU
		{197B2D7E-934D-411A-8CBA-2DC1D0A55DE9}.Release|Any CPU.ActiveCfg = Release|Any CPU
		{197B2D7E-934D-411A-8CBA-2DC1D0A55DE9}.Release|Any CPU.Build.0 = Release|Any CPU
	EndGlobalSection
	GlobalSection(SolutionProperties) = preSolution
		HideSolutionNode = FALSE
	EndGlobalSection
	GlobalSection(ExtensibilityGlobals) = postSolution
		SolutionGuid = {8E687F83-75D1-42B5-AA4F-1AFCCCEFDECD}
	EndGlobalSection
EndGlobal
